// !$*UTF8*$!
{
	archiveVersion = 1;
	classes = {
	};
	objectVersion = 56;
	objects = {

/* Begin PBXBuildFile section */
		F15673012CFECA0A00D481EA /* MapViewActionButton.swift in Sources */ = {isa = PBXBuildFile; fileRef = F15673002CFECA0A00D481EA /* MapViewActionButton.swift */; };
		F15673032CFEDF1E00D481EA /* LocationSearchView.swift in Sources */ = {isa = PBXBuildFile; fileRef = F15673022CFEDF1E00D481EA /* LocationSearchView.swift */; };
		F15673052CFEE29600D481EA /* LocationSearchResultCellView.swift in Sources */ = {isa = PBXBuildFile; fileRef = F15673042CFEE29600D481EA /* LocationSearchResultCellView.swift */; };
		F17E77412CFEE83600A4023A /* LocationSearchViewModel.swift in Sources */ = {isa = PBXBuildFile; fileRef = F17E77402CFEE83600A4023A /* LocationSearchViewModel.swift */; };
		F17E77432CFF1D4000A4023A /* MapViewState.swift in Sources */ = {isa = PBXBuildFile; fileRef = F17E77422CFF1D4000A4023A /* MapViewState.swift */; };
		F18E25912D02D50C00476CB9 /* CustomInputField.swift in Sources */ = {isa = PBXBuildFile; fileRef = F18E25902D02D50C00476CB9 /* CustomInputField.swift */; };
		F18E25932D02D65B00476CB9 /* RegistrationView.swift in Sources */ = {isa = PBXBuildFile; fileRef = F18E25922D02D65B00476CB9 /* RegistrationView.swift */; };
		F18E25952D02DAEA00476CB9 /* GoogleService-Info.plist in Resources */ = {isa = PBXBuildFile; fileRef = F18E25942D02DAEA00476CB9 /* GoogleService-Info.plist */; };
		F18E25982D02DD3D00476CB9 /* FirebaseAnalytics in Frameworks */ = {isa = PBXBuildFile; productRef = F18E25972D02DD3D00476CB9 /* FirebaseAnalytics */; };
		F18E259A2D02DD3D00476CB9 /* FirebaseAnalyticsOnDeviceConversion in Frameworks */ = {isa = PBXBuildFile; productRef = F18E25992D02DD3D00476CB9 /* FirebaseAnalyticsOnDeviceConversion */; };
		F18E259C2D02DD3D00476CB9 /* FirebaseAnalyticsWithoutAdIdSupport in Frameworks */ = {isa = PBXBuildFile; productRef = F18E259B2D02DD3D00476CB9 /* FirebaseAnalyticsWithoutAdIdSupport */; };
		F18E259E2D02DD3D00476CB9 /* FirebaseAppCheck in Frameworks */ = {isa = PBXBuildFile; productRef = F18E259D2D02DD3D00476CB9 /* FirebaseAppCheck */; };
		F18E25A02D02DD3D00476CB9 /* FirebaseAppDistribution-Beta in Frameworks */ = {isa = PBXBuildFile; productRef = F18E259F2D02DD3D00476CB9 /* FirebaseAppDistribution-Beta */; };
		F18E25A22D02DD3D00476CB9 /* FirebaseAuth in Frameworks */ = {isa = PBXBuildFile; productRef = F18E25A12D02DD3D00476CB9 /* FirebaseAuth */; };
		F18E25A42D02DD3D00476CB9 /* FirebaseAuthCombine-Community in Frameworks */ = {isa = PBXBuildFile; productRef = F18E25A32D02DD3D00476CB9 /* FirebaseAuthCombine-Community */; };
		F18E25A62D02DD3D00476CB9 /* FirebaseCore in Frameworks */ = {isa = PBXBuildFile; productRef = F18E25A52D02DD3D00476CB9 /* FirebaseCore */; };
		F18E25A82D02DD3D00476CB9 /* FirebaseCrashlytics in Frameworks */ = {isa = PBXBuildFile; productRef = F18E25A72D02DD3D00476CB9 /* FirebaseCrashlytics */; };
		F18E25AA2D02DD3D00476CB9 /* FirebaseDatabase in Frameworks */ = {isa = PBXBuildFile; productRef = F18E25A92D02DD3D00476CB9 /* FirebaseDatabase */; };
		F18E25AC2D02DD3D00476CB9 /* FirebaseDynamicLinks in Frameworks */ = {isa = PBXBuildFile; productRef = F18E25AB2D02DD3D00476CB9 /* FirebaseDynamicLinks */; };
		F18E25AE2D02DD3D00476CB9 /* FirebaseFirestore in Frameworks */ = {isa = PBXBuildFile; productRef = F18E25AD2D02DD3D00476CB9 /* FirebaseFirestore */; };
		F18E25B02D02DD3D00476CB9 /* FirebaseFirestoreCombine-Community in Frameworks */ = {isa = PBXBuildFile; productRef = F18E25AF2D02DD3D00476CB9 /* FirebaseFirestoreCombine-Community */; };
		F18E25B22D02DD3D00476CB9 /* FirebaseFunctions in Frameworks */ = {isa = PBXBuildFile; productRef = F18E25B12D02DD3D00476CB9 /* FirebaseFunctions */; };
		F18E25B42D02DD3D00476CB9 /* FirebaseFunctionsCombine-Community in Frameworks */ = {isa = PBXBuildFile; productRef = F18E25B32D02DD3D00476CB9 /* FirebaseFunctionsCombine-Community */; };
		F18E25B62D02DD3D00476CB9 /* FirebaseInAppMessaging-Beta in Frameworks */ = {isa = PBXBuildFile; productRef = F18E25B52D02DD3D00476CB9 /* FirebaseInAppMessaging-Beta */; };
		F18E25B82D02DD3D00476CB9 /* FirebaseInstallations in Frameworks */ = {isa = PBXBuildFile; productRef = F18E25B72D02DD3D00476CB9 /* FirebaseInstallations */; };
		F18E25BA2D02DD3D00476CB9 /* FirebaseMLModelDownloader in Frameworks */ = {isa = PBXBuildFile; productRef = F18E25B92D02DD3D00476CB9 /* FirebaseMLModelDownloader */; };
		F18E25BC2D02DD3D00476CB9 /* FirebaseMessaging in Frameworks */ = {isa = PBXBuildFile; productRef = F18E25BB2D02DD3D00476CB9 /* FirebaseMessaging */; };
		F18E25BE2D02DD3D00476CB9 /* FirebasePerformance in Frameworks */ = {isa = PBXBuildFile; productRef = F18E25BD2D02DD3D00476CB9 /* FirebasePerformance */; };
		F18E25C02D02DD3D00476CB9 /* FirebaseRemoteConfig in Frameworks */ = {isa = PBXBuildFile; productRef = F18E25BF2D02DD3D00476CB9 /* FirebaseRemoteConfig */; };
		F18E25C22D02DD3D00476CB9 /* FirebaseStorage in Frameworks */ = {isa = PBXBuildFile; productRef = F18E25C12D02DD3D00476CB9 /* FirebaseStorage */; };
		F18E25C42D02DD3D00476CB9 /* FirebaseStorageCombine-Community in Frameworks */ = {isa = PBXBuildFile; productRef = F18E25C32D02DD3D00476CB9 /* FirebaseStorageCombine-Community */; };
		F18E25C62D02DD3D00476CB9 /* FirebaseVertexAI in Frameworks */ = {isa = PBXBuildFile; productRef = F18E25C52D02DD3D00476CB9 /* FirebaseVertexAI */; };
		F18E25C82D02FC0B00476CB9 /* AuthViewModel.swift in Sources */ = {isa = PBXBuildFile; fileRef = F18E25C72D02FC0B00476CB9 /* AuthViewModel.swift */; };
		F18E25CA2D031A7C00476CB9 /* User.swift in Sources */ = {isa = PBXBuildFile; fileRef = F18E25C92D031A7C00476CB9 /* User.swift */; };
		F194F56E2D00230400418ACB /* RideRequestView.swift in Sources */ = {isa = PBXBuildFile; fileRef = F194F56D2D00230400418ACB /* RideRequestView.swift */; };
		F194F5702D0035B600418ACB /* RideType.swift in Sources */ = {isa = PBXBuildFile; fileRef = F194F56F2D0035B600418ACB /* RideType.swift */; };
		F194F5722D00419500418ACB /* Double+Extension.swift in Sources */ = {isa = PBXBuildFile; fileRef = F194F5712D00419500418ACB /* Double+Extension.swift */; };
		F194F5742D004F5600418ACB /* UberLocation.swift in Sources */ = {isa = PBXBuildFile; fileRef = F194F5732D004F5600418ACB /* UberLocation.swift */; };
		F194F5762D00608100418ACB /* Color+Extension.swift in Sources */ = {isa = PBXBuildFile; fileRef = F194F5752D00608100418ACB /* Color+Extension.swift */; };
		F194F57B2D0069E100418ACB /* LoginView.swift in Sources */ = {isa = PBXBuildFile; fileRef = F194F57A2D0069E100418ACB /* LoginView.swift */; };
		F1AAA5752D081A8400FCE6DE /* SavedLocationRowView.swift in Sources */ = {isa = PBXBuildFile; fileRef = F1AAA5742D081A8400FCE6DE /* SavedLocationRowView.swift */; };
		F1AAA57A2D081AAA00FCE6DE /* SettingsView.swift in Sources */ = {isa = PBXBuildFile; fileRef = F1AAA5792D081AAA00FCE6DE /* SettingsView.swift */; };
		F1AAA57C2D081E2D00FCE6DE /* SettingsRowView.swift in Sources */ = {isa = PBXBuildFile; fileRef = F1AAA57B2D081E2D00FCE6DE /* SettingsRowView.swift */; };
		F1AAA57E2D08259D00FCE6DE /* SavedLocationViewModel.swift in Sources */ = {isa = PBXBuildFile; fileRef = F1AAA57D2D08259D00FCE6DE /* SavedLocationViewModel.swift */; };
		F1AAA5802D082B8F00FCE6DE /* LocationSearchResultView.swift in Sources */ = {isa = PBXBuildFile; fileRef = F1AAA57F2D082B8F00FCE6DE /* LocationSearchResultView.swift */; };
		F1AAA5822D08357D00FCE6DE /* SavedLocationSearchView.swift in Sources */ = {isa = PBXBuildFile; fileRef = F1AAA5812D08357D00FCE6DE /* SavedLocationSearchView.swift */; };
		F1AAA5842D083F7A00FCE6DE /* SavedLocation.swift in Sources */ = {isa = PBXBuildFile; fileRef = F1AAA5832D083F7A00FCE6DE /* SavedLocation.swift */; };
		F1AAA5862D084FAE00FCE6DE /* MockData.swift in Sources */ = {isa = PBXBuildFile; fileRef = F1AAA5852D084FAE00FCE6DE /* MockData.swift */; };
		F1AAA5882D085B8F00FCE6DE /* HomeViewModel.swift in Sources */ = {isa = PBXBuildFile; fileRef = F1AAA5872D085B8F00FCE6DE /* HomeViewModel.swift */; };
		F1AAA58A2D08634300FCE6DE /* DriverAnnotation.swift in Sources */ = {isa = PBXBuildFile; fileRef = F1AAA5892D08634300FCE6DE /* DriverAnnotation.swift */; };
		F1AAA58D2D08696F00FCE6DE /* UserService.swift in Sources */ = {isa = PBXBuildFile; fileRef = F1AAA58C2D08696F00FCE6DE /* UserService.swift */; };
		F1B7FA102D06B1BA005231DC /* SideMenuView.swift in Sources */ = {isa = PBXBuildFile; fileRef = F1B7FA0F2D06B1BA005231DC /* SideMenuView.swift */; };
		F1B7FA122D06BC3C005231DC /* SideMenuOptionViewModel.swift in Sources */ = {isa = PBXBuildFile; fileRef = F1B7FA112D06BC3C005231DC /* SideMenuOptionViewModel.swift */; };
		F1B7FA142D06C02B005231DC /* SideMenuOptionView.swift in Sources */ = {isa = PBXBuildFile; fileRef = F1B7FA132D06C02B005231DC /* SideMenuOptionView.swift */; };
		F1E447882CFD6F4F007D819E /* UberSwiftUIApp.swift in Sources */ = {isa = PBXBuildFile; fileRef = F1E447872CFD6F4F007D819E /* UberSwiftUIApp.swift */; };
		F1E4478C2CFD6F53007D819E /* Assets.xcassets in Resources */ = {isa = PBXBuildFile; fileRef = F1E4478B2CFD6F53007D819E /* Assets.xcassets */; };
		F1E4478F2CFD6F53007D819E /* Preview Assets.xcassets in Resources */ = {isa = PBXBuildFile; fileRef = F1E4478E2CFD6F53007D819E /* Preview Assets.xcassets */; };
		F1E4479D2CFD7050007D819E /* HomeView.swift in Sources */ = {isa = PBXBuildFile; fileRef = F1E4479C2CFD7050007D819E /* HomeView.swift */; };
		F1E4479F2CFD8C14007D819E /* UberMapView.swift in Sources */ = {isa = PBXBuildFile; fileRef = F1E4479E2CFD8C14007D819E /* UberMapView.swift */; };
		F1E447A12CFD8E18007D819E /* LocationManager.swift in Sources */ = {isa = PBXBuildFile; fileRef = F1E447A02CFD8E18007D819E /* LocationManager.swift */; };
		F1E447A72CFD97FC007D819E /* LocationSearchActivationView.swift in Sources */ = {isa = PBXBuildFile; fileRef = F1E447A62CFD97FC007D819E /* LocationSearchActivationView.swift */; };
/* End PBXBuildFile section */

/* Begin PBXFileReference section */
		F15673002CFECA0A00D481EA /* MapViewActionButton.swift */ = {isa = PBXFileReference; lastKnownFileType = sourcecode.swift; path = MapViewActionButton.swift; sourceTree = "<group>"; };
		F15673022CFEDF1E00D481EA /* LocationSearchView.swift */ = {isa = PBXFileReference; lastKnownFileType = sourcecode.swift; path = LocationSearchView.swift; sourceTree = "<group>"; };
		F15673042CFEE29600D481EA /* LocationSearchResultCellView.swift */ = {isa = PBXFileReference; lastKnownFileType = sourcecode.swift; path = LocationSearchResultCellView.swift; sourceTree = "<group>"; };
		F17E77402CFEE83600A4023A /* LocationSearchViewModel.swift */ = {isa = PBXFileReference; lastKnownFileType = sourcecode.swift; path = LocationSearchViewModel.swift; sourceTree = "<group>"; };
		F17E77422CFF1D4000A4023A /* MapViewState.swift */ = {isa = PBXFileReference; lastKnownFileType = sourcecode.swift; path = MapViewState.swift; sourceTree = "<group>"; };
		F18E25902D02D50C00476CB9 /* CustomInputField.swift */ = {isa = PBXFileReference; lastKnownFileType = sourcecode.swift; path = CustomInputField.swift; sourceTree = "<group>"; };
		F18E25922D02D65B00476CB9 /* RegistrationView.swift */ = {isa = PBXFileReference; lastKnownFileType = sourcecode.swift; path = RegistrationView.swift; sourceTree = "<group>"; };
		F18E25942D02DAEA00476CB9 /* GoogleService-Info.plist */ = {isa = PBXFileReference; fileEncoding = 4; lastKnownFileType = text.plist.xml; path = "GoogleService-Info.plist"; sourceTree = "<group>"; };
		F18E25C72D02FC0B00476CB9 /* AuthViewModel.swift */ = {isa = PBXFileReference; lastKnownFileType = sourcecode.swift; path = AuthViewModel.swift; sourceTree = "<group>"; };
		F18E25C92D031A7C00476CB9 /* User.swift */ = {isa = PBXFileReference; lastKnownFileType = sourcecode.swift; path = User.swift; sourceTree = "<group>"; };
		F194F56D2D00230400418ACB /* RideRequestView.swift */ = {isa = PBXFileReference; lastKnownFileType = sourcecode.swift; path = RideRequestView.swift; sourceTree = "<group>"; };
		F194F56F2D0035B600418ACB /* RideType.swift */ = {isa = PBXFileReference; lastKnownFileType = sourcecode.swift; path = RideType.swift; sourceTree = "<group>"; };
		F194F5712D00419500418ACB /* Double+Extension.swift */ = {isa = PBXFileReference; lastKnownFileType = sourcecode.swift; path = "Double+Extension.swift"; sourceTree = "<group>"; };
		F194F5732D004F5600418ACB /* UberLocation.swift */ = {isa = PBXFileReference; lastKnownFileType = sourcecode.swift; path = UberLocation.swift; sourceTree = "<group>"; };
		F194F5752D00608100418ACB /* Color+Extension.swift */ = {isa = PBXFileReference; lastKnownFileType = sourcecode.swift; path = "Color+Extension.swift"; sourceTree = "<group>"; };
		F194F57A2D0069E100418ACB /* LoginView.swift */ = {isa = PBXFileReference; lastKnownFileType = sourcecode.swift; path = LoginView.swift; sourceTree = "<group>"; };
		F1AAA5742D081A8400FCE6DE /* SavedLocationRowView.swift */ = {isa = PBXFileReference; lastKnownFileType = sourcecode.swift; path = SavedLocationRowView.swift; sourceTree = "<group>"; };
		F1AAA5792D081AAA00FCE6DE /* SettingsView.swift */ = {isa = PBXFileReference; lastKnownFileType = sourcecode.swift; path = SettingsView.swift; sourceTree = "<group>"; };
		F1AAA57B2D081E2D00FCE6DE /* SettingsRowView.swift */ = {isa = PBXFileReference; lastKnownFileType = sourcecode.swift; path = SettingsRowView.swift; sourceTree = "<group>"; };
		F1AAA57D2D08259D00FCE6DE /* SavedLocationViewModel.swift */ = {isa = PBXFileReference; lastKnownFileType = sourcecode.swift; path = SavedLocationViewModel.swift; sourceTree = "<group>"; };
		F1AAA57F2D082B8F00FCE6DE /* LocationSearchResultView.swift */ = {isa = PBXFileReference; lastKnownFileType = sourcecode.swift; path = LocationSearchResultView.swift; sourceTree = "<group>"; };
		F1AAA5812D08357D00FCE6DE /* SavedLocationSearchView.swift */ = {isa = PBXFileReference; lastKnownFileType = sourcecode.swift; path = SavedLocationSearchView.swift; sourceTree = "<group>"; };
		F1AAA5832D083F7A00FCE6DE /* SavedLocation.swift */ = {isa = PBXFileReference; lastKnownFileType = sourcecode.swift; path = SavedLocation.swift; sourceTree = "<group>"; };
		F1AAA5852D084FAE00FCE6DE /* MockData.swift */ = {isa = PBXFileReference; lastKnownFileType = sourcecode.swift; path = MockData.swift; sourceTree = "<group>"; };
		F1AAA5872D085B8F00FCE6DE /* HomeViewModel.swift */ = {isa = PBXFileReference; lastKnownFileType = sourcecode.swift; path = HomeViewModel.swift; sourceTree = "<group>"; };
		F1AAA5892D08634300FCE6DE /* DriverAnnotation.swift */ = {isa = PBXFileReference; lastKnownFileType = sourcecode.swift; path = DriverAnnotation.swift; sourceTree = "<group>"; };
		F1AAA58C2D08696F00FCE6DE /* UserService.swift */ = {isa = PBXFileReference; lastKnownFileType = sourcecode.swift; path = UserService.swift; sourceTree = "<group>"; };
		F1B7FA0F2D06B1BA005231DC /* SideMenuView.swift */ = {isa = PBXFileReference; lastKnownFileType = sourcecode.swift; path = SideMenuView.swift; sourceTree = "<group>"; };
		F1B7FA112D06BC3C005231DC /* SideMenuOptionViewModel.swift */ = {isa = PBXFileReference; lastKnownFileType = sourcecode.swift; path = SideMenuOptionViewModel.swift; sourceTree = "<group>"; };
		F1B7FA132D06C02B005231DC /* SideMenuOptionView.swift */ = {isa = PBXFileReference; lastKnownFileType = sourcecode.swift; path = SideMenuOptionView.swift; sourceTree = "<group>"; };
		F1E447842CFD6F4F007D819E /* UberSwiftUI.app */ = {isa = PBXFileReference; explicitFileType = wrapper.application; includeInIndex = 0; path = UberSwiftUI.app; sourceTree = BUILT_PRODUCTS_DIR; };
		F1E447872CFD6F4F007D819E /* UberSwiftUIApp.swift */ = {isa = PBXFileReference; lastKnownFileType = sourcecode.swift; path = UberSwiftUIApp.swift; sourceTree = "<group>"; };
		F1E4478B2CFD6F53007D819E /* Assets.xcassets */ = {isa = PBXFileReference; lastKnownFileType = folder.assetcatalog; path = Assets.xcassets; sourceTree = "<group>"; };
		F1E4478E2CFD6F53007D819E /* Preview Assets.xcassets */ = {isa = PBXFileReference; lastKnownFileType = folder.assetcatalog; path = "Preview Assets.xcassets"; sourceTree = "<group>"; };
		F1E4479C2CFD7050007D819E /* HomeView.swift */ = {isa = PBXFileReference; lastKnownFileType = sourcecode.swift; path = HomeView.swift; sourceTree = "<group>"; };
		F1E4479E2CFD8C14007D819E /* UberMapView.swift */ = {isa = PBXFileReference; lastKnownFileType = sourcecode.swift; path = UberMapView.swift; sourceTree = "<group>"; };
		F1E447A02CFD8E18007D819E /* LocationManager.swift */ = {isa = PBXFileReference; lastKnownFileType = sourcecode.swift; path = LocationManager.swift; sourceTree = "<group>"; };
		F1E447A62CFD97FC007D819E /* LocationSearchActivationView.swift */ = {isa = PBXFileReference; lastKnownFileType = sourcecode.swift; path = LocationSearchActivationView.swift; sourceTree = "<group>"; };
/* End PBXFileReference section */

/* Begin PBXFrameworksBuildPhase section */
		F1E447812CFD6F4F007D819E /* Frameworks */ = {
			isa = PBXFrameworksBuildPhase;
			buildActionMask = 2147483647;
			files = (
				F18E25B02D02DD3D00476CB9 /* FirebaseFirestoreCombine-Community in Frameworks */,
				F18E25C62D02DD3D00476CB9 /* FirebaseVertexAI in Frameworks */,
				F18E25B22D02DD3D00476CB9 /* FirebaseFunctions in Frameworks */,
				F18E25BE2D02DD3D00476CB9 /* FirebasePerformance in Frameworks */,
				F18E25C42D02DD3D00476CB9 /* FirebaseStorageCombine-Community in Frameworks */,
				F18E25C02D02DD3D00476CB9 /* FirebaseRemoteConfig in Frameworks */,
				F18E25AA2D02DD3D00476CB9 /* FirebaseDatabase in Frameworks */,
				F18E25AC2D02DD3D00476CB9 /* FirebaseDynamicLinks in Frameworks */,
				F18E259E2D02DD3D00476CB9 /* FirebaseAppCheck in Frameworks */,
				F18E25A22D02DD3D00476CB9 /* FirebaseAuth in Frameworks */,
				F18E25982D02DD3D00476CB9 /* FirebaseAnalytics in Frameworks */,
				F18E25AE2D02DD3D00476CB9 /* FirebaseFirestore in Frameworks */,
				F18E25BC2D02DD3D00476CB9 /* FirebaseMessaging in Frameworks */,
				F18E25B82D02DD3D00476CB9 /* FirebaseInstallations in Frameworks */,
				F18E25B42D02DD3D00476CB9 /* FirebaseFunctionsCombine-Community in Frameworks */,
				F18E25A02D02DD3D00476CB9 /* FirebaseAppDistribution-Beta in Frameworks */,
				F18E259C2D02DD3D00476CB9 /* FirebaseAnalyticsWithoutAdIdSupport in Frameworks */,
				F18E25B62D02DD3D00476CB9 /* FirebaseInAppMessaging-Beta in Frameworks */,
				F18E25A42D02DD3D00476CB9 /* FirebaseAuthCombine-Community in Frameworks */,
				F18E25A82D02DD3D00476CB9 /* FirebaseCrashlytics in Frameworks */,
				F18E25BA2D02DD3D00476CB9 /* FirebaseMLModelDownloader in Frameworks */,
				F18E25C22D02DD3D00476CB9 /* FirebaseStorage in Frameworks */,
				F18E25A62D02DD3D00476CB9 /* FirebaseCore in Frameworks */,
				F18E259A2D02DD3D00476CB9 /* FirebaseAnalyticsOnDeviceConversion in Frameworks */,
			);
			runOnlyForDeploymentPostprocessing = 0;
		};
/* End PBXFrameworksBuildPhase section */

/* Begin PBXGroup section */
		F18E258F2D02D4FA00476CB9 /* CustomViews */ = {
			isa = PBXGroup;
			children = (
				F18E25902D02D50C00476CB9 /* CustomInputField.swift */,
				F1AAA5742D081A8400FCE6DE /* SavedLocationRowView.swift */,
				F1AAA57B2D081E2D00FCE6DE /* SettingsRowView.swift */,
				F1AAA57F2D082B8F00FCE6DE /* LocationSearchResultView.swift */,
			);
			path = CustomViews;
			sourceTree = "<group>";
		};
		F194F56C2D0022F700418ACB /* Trips */ = {
			isa = PBXGroup;
			children = (
				F194F56D2D00230400418ACB /* RideRequestView.swift */,
			);
			path = Trips;
			sourceTree = "<group>";
		};
		F194F5772D0069BE00418ACB /* Authentication */ = {
			isa = PBXGroup;
			children = (
				F194F5792D0069D400418ACB /* Views */,
				F194F5782D0069CD00418ACB /* ViewModels */,
			);
			path = Authentication;
			sourceTree = "<group>";
		};
		F194F5782D0069CD00418ACB /* ViewModels */ = {
			isa = PBXGroup;
			children = (
				F18E25C72D02FC0B00476CB9 /* AuthViewModel.swift */,
			);
			path = ViewModels;
			sourceTree = "<group>";
		};
		F194F5792D0069D400418ACB /* Views */ = {
			isa = PBXGroup;
			children = (
				F194F57A2D0069E100418ACB /* LoginView.swift */,
				F18E25922D02D65B00476CB9 /* RegistrationView.swift */,
			);
			path = Views;
			sourceTree = "<group>";
		};
		F1AAA5762D081A8900FCE6DE /* Settings */ = {
			isa = PBXGroup;
			children = (
				F1AAA5782D081A9900FCE6DE /* Views */,
				F1AAA5772D081A9100FCE6DE /* ViewModels */,
			);
			path = Settings;
			sourceTree = "<group>";
		};
		F1AAA5772D081A9100FCE6DE /* ViewModels */ = {
			isa = PBXGroup;
			children = (
				F1AAA57D2D08259D00FCE6DE /* SavedLocationViewModel.swift */,
			);
			path = ViewModels;
			sourceTree = "<group>";
		};
		F1AAA5782D081A9900FCE6DE /* Views */ = {
			isa = PBXGroup;
			children = (
				F1AAA5792D081AAA00FCE6DE /* SettingsView.swift */,
				F1AAA5812D08357D00FCE6DE /* SavedLocationSearchView.swift */,
			);
			path = Views;
			sourceTree = "<group>";
		};
		F1AAA58B2D08696000FCE6DE /* Services */ = {
			isa = PBXGroup;
			children = (
				F1AAA58C2D08696F00FCE6DE /* UserService.swift */,
			);
			path = Services;
			sourceTree = "<group>";
		};
		F1B7FA0C2D06B1A0005231DC /* SideMenu */ = {
			isa = PBXGroup;
			children = (
				F1B7FA0E2D06B1AC005231DC /* ViewModels */,
				F1B7FA0D2D06B1A7005231DC /* Views */,
			);
			path = SideMenu;
			sourceTree = "<group>";
		};
		F1B7FA0D2D06B1A7005231DC /* Views */ = {
			isa = PBXGroup;
			children = (
				F1B7FA0F2D06B1BA005231DC /* SideMenuView.swift */,
				F1B7FA132D06C02B005231DC /* SideMenuOptionView.swift */,
			);
			path = Views;
			sourceTree = "<group>";
		};
		F1B7FA0E2D06B1AC005231DC /* ViewModels */ = {
			isa = PBXGroup;
			children = (
				F1B7FA112D06BC3C005231DC /* SideMenuOptionViewModel.swift */,
			);
			path = ViewModels;
			sourceTree = "<group>";
		};
		F1E4477B2CFD6F4F007D819E = {
			isa = PBXGroup;
			children = (
				F1E447862CFD6F4F007D819E /* UberSwiftUI */,
				F1E447852CFD6F4F007D819E /* Products */,
			);
			sourceTree = "<group>";
		};
		F1E447852CFD6F4F007D819E /* Products */ = {
			isa = PBXGroup;
			children = (
				F1E447842CFD6F4F007D819E /* UberSwiftUI.app */,
			);
			name = Products;
			sourceTree = "<group>";
		};
		F1E447862CFD6F4F007D819E /* UberSwiftUI */ = {
			isa = PBXGroup;
			children = (
				F1AAA58B2D08696000FCE6DE /* Services */,
				F18E258F2D02D4FA00476CB9 /* CustomViews */,
				F1E4479B2CFD6FE5007D819E /* App */,
				F1E447982CFD6FCC007D819E /* Core */,
				F1E447972CFD6FC3007D819E /* Extensions */,
				F1E447962CFD6FB5007D819E /* Managers */,
				F1E447952CFD6FAE007D819E /* Models */,
				F1E4478B2CFD6F53007D819E /* Assets.xcassets */,
				F18E25942D02DAEA00476CB9 /* GoogleService-Info.plist */,
				F1E4478D2CFD6F53007D819E /* Preview Content */,
			);
			path = UberSwiftUI;
			sourceTree = "<group>";
		};
		F1E4478D2CFD6F53007D819E /* Preview Content */ = {
			isa = PBXGroup;
			children = (
				F1E4478E2CFD6F53007D819E /* Preview Assets.xcassets */,
			);
			path = "Preview Content";
			sourceTree = "<group>";
		};
		F1E447952CFD6FAE007D819E /* Models */ = {
			isa = PBXGroup;
			children = (
				F17E77422CFF1D4000A4023A /* MapViewState.swift */,
				F194F56F2D0035B600418ACB /* RideType.swift */,
				F194F5732D004F5600418ACB /* UberLocation.swift */,
				F18E25C92D031A7C00476CB9 /* User.swift */,
				F1AAA5832D083F7A00FCE6DE /* SavedLocation.swift */,
				F1AAA5892D08634300FCE6DE /* DriverAnnotation.swift */,
				F1AAA5852D084FAE00FCE6DE /* MockData.swift */,
			);
			path = Models;
			sourceTree = "<group>";
		};
		F1E447962CFD6FB5007D819E /* Managers */ = {
			isa = PBXGroup;
			children = (
				F1E447A02CFD8E18007D819E /* LocationManager.swift */,
			);
			path = Managers;
			sourceTree = "<group>";
		};
		F1E447972CFD6FC3007D819E /* Extensions */ = {
			isa = PBXGroup;
			children = (
				F194F5712D00419500418ACB /* Double+Extension.swift */,
				F194F5752D00608100418ACB /* Color+Extension.swift */,
			);
			path = Extensions;
			sourceTree = "<group>";
		};
		F1E447982CFD6FCC007D819E /* Core */ = {
			isa = PBXGroup;
			children = (
				F1AAA5762D081A8900FCE6DE /* Settings */,
				F1B7FA0C2D06B1A0005231DC /* SideMenu */,
				F194F5772D0069BE00418ACB /* Authentication */,
				F194F56C2D0022F700418ACB /* Trips */,
				F1E447A32CFD97C1007D819E /* LocationSearch */,
				F1E447A22CFD97AB007D819E /* Home */,
			);
			path = Core;
			sourceTree = "<group>";
		};
		F1E447992CFD6FD6007D819E /* ViewModels */ = {
			isa = PBXGroup;
			children = (
				F1AAA5872D085B8F00FCE6DE /* HomeViewModel.swift */,
			);
			path = ViewModels;
			sourceTree = "<group>";
		};
		F1E4479A2CFD6FDF007D819E /* Views */ = {
			isa = PBXGroup;
			children = (
				F1E4479C2CFD7050007D819E /* HomeView.swift */,
				F1E4479E2CFD8C14007D819E /* UberMapView.swift */,
			);
			path = Views;
			sourceTree = "<group>";
		};
		F1E4479B2CFD6FE5007D819E /* App */ = {
			isa = PBXGroup;
			children = (
				F1E447872CFD6F4F007D819E /* UberSwiftUIApp.swift */,
			);
			path = App;
			sourceTree = "<group>";
		};
		F1E447A22CFD97AB007D819E /* Home */ = {
			isa = PBXGroup;
			children = (
				F1E4479A2CFD6FDF007D819E /* Views */,
				F1E447992CFD6FD6007D819E /* ViewModels */,
			);
			path = Home;
			sourceTree = "<group>";
		};
		F1E447A32CFD97C1007D819E /* LocationSearch */ = {
			isa = PBXGroup;
			children = (
				F1E447A52CFD97D3007D819E /* ViewModels */,
				F1E447A42CFD97CF007D819E /* Views */,
			);
			path = LocationSearch;
			sourceTree = "<group>";
		};
		F1E447A42CFD97CF007D819E /* Views */ = {
			isa = PBXGroup;
			children = (
				F1E447A62CFD97FC007D819E /* LocationSearchActivationView.swift */,
				F15673002CFECA0A00D481EA /* MapViewActionButton.swift */,
				F15673022CFEDF1E00D481EA /* LocationSearchView.swift */,
				F15673042CFEE29600D481EA /* LocationSearchResultCellView.swift */,
			);
			path = Views;
			sourceTree = "<group>";
		};
		F1E447A52CFD97D3007D819E /* ViewModels */ = {
			isa = PBXGroup;
			children = (
				F17E77402CFEE83600A4023A /* LocationSearchViewModel.swift */,
			);
			path = ViewModels;
			sourceTree = "<group>";
		};
/* End PBXGroup section */

/* Begin PBXNativeTarget section */
		F1E447832CFD6F4F007D819E /* UberSwiftUI */ = {
			isa = PBXNativeTarget;
			buildConfigurationList = F1E447922CFD6F53007D819E /* Build configuration list for PBXNativeTarget "UberSwiftUI" */;
			buildPhases = (
				F1E447802CFD6F4F007D819E /* Sources */,
				F1E447812CFD6F4F007D819E /* Frameworks */,
				F1E447822CFD6F4F007D819E /* Resources */,
			);
			buildRules = (
			);
			dependencies = (
			);
			name = UberSwiftUI;
			packageProductDependencies = (
				F18E25972D02DD3D00476CB9 /* FirebaseAnalytics */,
				F18E25992D02DD3D00476CB9 /* FirebaseAnalyticsOnDeviceConversion */,
				F18E259B2D02DD3D00476CB9 /* FirebaseAnalyticsWithoutAdIdSupport */,
				F18E259D2D02DD3D00476CB9 /* FirebaseAppCheck */,
				F18E259F2D02DD3D00476CB9 /* FirebaseAppDistribution-Beta */,
				F18E25A12D02DD3D00476CB9 /* FirebaseAuth */,
				F18E25A32D02DD3D00476CB9 /* FirebaseAuthCombine-Community */,
				F18E25A52D02DD3D00476CB9 /* FirebaseCore */,
				F18E25A72D02DD3D00476CB9 /* FirebaseCrashlytics */,
				F18E25A92D02DD3D00476CB9 /* FirebaseDatabase */,
				F18E25AB2D02DD3D00476CB9 /* FirebaseDynamicLinks */,
				F18E25AD2D02DD3D00476CB9 /* FirebaseFirestore */,
				F18E25AF2D02DD3D00476CB9 /* FirebaseFirestoreCombine-Community */,
				F18E25B12D02DD3D00476CB9 /* FirebaseFunctions */,
				F18E25B32D02DD3D00476CB9 /* FirebaseFunctionsCombine-Community */,
				F18E25B52D02DD3D00476CB9 /* FirebaseInAppMessaging-Beta */,
				F18E25B72D02DD3D00476CB9 /* FirebaseInstallations */,
				F18E25B92D02DD3D00476CB9 /* FirebaseMLModelDownloader */,
				F18E25BB2D02DD3D00476CB9 /* FirebaseMessaging */,
				F18E25BD2D02DD3D00476CB9 /* FirebasePerformance */,
				F18E25BF2D02DD3D00476CB9 /* FirebaseRemoteConfig */,
				F18E25C12D02DD3D00476CB9 /* FirebaseStorage */,
				F18E25C32D02DD3D00476CB9 /* FirebaseStorageCombine-Community */,
				F18E25C52D02DD3D00476CB9 /* FirebaseVertexAI */,
			);
			productName = UberSwiftUI;
			productReference = F1E447842CFD6F4F007D819E /* UberSwiftUI.app */;
			productType = "com.apple.product-type.application";
		};
/* End PBXNativeTarget section */

/* Begin PBXProject section */
		F1E4477C2CFD6F4F007D819E /* Project object */ = {
			isa = PBXProject;
			attributes = {
				BuildIndependentTargetsInParallel = 1;
				LastSwiftUpdateCheck = 1500;
				LastUpgradeCheck = 1500;
				TargetAttributes = {
					F1E447832CFD6F4F007D819E = {
						CreatedOnToolsVersion = 15.0;
					};
				};
			};
			buildConfigurationList = F1E4477F2CFD6F4F007D819E /* Build configuration list for PBXProject "UberSwiftUI" */;
			compatibilityVersion = "Xcode 14.0";
			developmentRegion = en;
			hasScannedForEncodings = 0;
			knownRegions = (
				en,
				Base,
			);
			mainGroup = F1E4477B2CFD6F4F007D819E;
			packageReferences = (
				F18E25962D02DD3D00476CB9 /* XCRemoteSwiftPackageReference "firebase-ios-sdk" */,
			);
			productRefGroup = F1E447852CFD6F4F007D819E /* Products */;
			projectDirPath = "";
			projectRoot = "";
			targets = (
				F1E447832CFD6F4F007D819E /* UberSwiftUI */,
			);
		};
/* End PBXProject section */

/* Begin PBXResourcesBuildPhase section */
		F1E447822CFD6F4F007D819E /* Resources */ = {
			isa = PBXResourcesBuildPhase;
			buildActionMask = 2147483647;
			files = (
				F1E4478F2CFD6F53007D819E /* Preview Assets.xcassets in Resources */,
				F1E4478C2CFD6F53007D819E /* Assets.xcassets in Resources */,
				F18E25952D02DAEA00476CB9 /* GoogleService-Info.plist in Resources */,
			);
			runOnlyForDeploymentPostprocessing = 0;
		};
/* End PBXResourcesBuildPhase section */

/* Begin PBXSourcesBuildPhase section */
		F1E447802CFD6F4F007D819E /* Sources */ = {
			isa = PBXSourcesBuildPhase;
			buildActionMask = 2147483647;
			files = (
				F17E77412CFEE83600A4023A /* LocationSearchViewModel.swift in Sources */,
				F194F5762D00608100418ACB /* Color+Extension.swift in Sources */,
				F1AAA5802D082B8F00FCE6DE /* LocationSearchResultView.swift in Sources */,
				F1AAA5882D085B8F00FCE6DE /* HomeViewModel.swift in Sources */,
				F15673032CFEDF1E00D481EA /* LocationSearchView.swift in Sources */,
				F1B7FA122D06BC3C005231DC /* SideMenuOptionViewModel.swift in Sources */,
				F1AAA58D2D08696F00FCE6DE /* UserService.swift in Sources */,
				F1AAA5752D081A8400FCE6DE /* SavedLocationRowView.swift in Sources */,
				F18E25932D02D65B00476CB9 /* RegistrationView.swift in Sources */,
				F1E447A12CFD8E18007D819E /* LocationManager.swift in Sources */,
				F1AAA5862D084FAE00FCE6DE /* MockData.swift in Sources */,
				F194F56E2D00230400418ACB /* RideRequestView.swift in Sources */,
				F18E25C82D02FC0B00476CB9 /* AuthViewModel.swift in Sources */,
				F1AAA5822D08357D00FCE6DE /* SavedLocationSearchView.swift in Sources */,
				F1AAA58A2D08634300FCE6DE /* DriverAnnotation.swift in Sources */,
				F1AAA57E2D08259D00FCE6DE /* SavedLocationViewModel.swift in Sources */,
				F18E25912D02D50C00476CB9 /* CustomInputField.swift in Sources */,
				F1AAA57C2D081E2D00FCE6DE /* SettingsRowView.swift in Sources */,
				F18E25CA2D031A7C00476CB9 /* User.swift in Sources */,
				F194F5722D00419500418ACB /* Double+Extension.swift in Sources */,
				F1AAA5842D083F7A00FCE6DE /* SavedLocation.swift in Sources */,
				F17E77432CFF1D4000A4023A /* MapViewState.swift in Sources */,
				F15673052CFEE29600D481EA /* LocationSearchResultCellView.swift in Sources */,
				F1B7FA142D06C02B005231DC /* SideMenuOptionView.swift in Sources */,
				F1AAA57A2D081AAA00FCE6DE /* SettingsView.swift in Sources */,
				F1E4479F2CFD8C14007D819E /* UberMapView.swift in Sources */,
				F15673012CFECA0A00D481EA /* MapViewActionButton.swift in Sources */,
				F1E4479D2CFD7050007D819E /* HomeView.swift in Sources */,
				F1B7FA102D06B1BA005231DC /* SideMenuView.swift in Sources */,
				F194F5742D004F5600418ACB /* UberLocation.swift in Sources */,
				F1E447882CFD6F4F007D819E /* UberSwiftUIApp.swift in Sources */,
				F1E447A72CFD97FC007D819E /* LocationSearchActivationView.swift in Sources */,
				F194F57B2D0069E100418ACB /* LoginView.swift in Sources */,
				F194F5702D0035B600418ACB /* RideType.swift in Sources */,
			);
			runOnlyForDeploymentPostprocessing = 0;
		};
/* End PBXSourcesBuildPhase section */

/* Begin XCBuildConfiguration section */
		F1E447902CFD6F53007D819E /* Debug */ = {
			isa = XCBuildConfiguration;
			buildSettings = {
				ALWAYS_SEARCH_USER_PATHS = NO;
				ASSETCATALOG_COMPILER_GENERATE_SWIFT_ASSET_SYMBOL_EXTENSIONS = YES;
				CLANG_ANALYZER_NONNULL = YES;
				CLANG_ANALYZER_NUMBER_OBJECT_CONVERSION = YES_AGGRESSIVE;
				CLANG_CXX_LANGUAGE_STANDARD = "gnu++20";
				CLANG_ENABLE_MODULES = YES;
				CLANG_ENABLE_OBJC_ARC = YES;
				CLANG_ENABLE_OBJC_WEAK = YES;
				CLANG_WARN_BLOCK_CAPTURE_AUTORELEASING = YES;
				CLANG_WARN_BOOL_CONVERSION = YES;
				CLANG_WARN_COMMA = YES;
				CLANG_WARN_CONSTANT_CONVERSION = YES;
				CLANG_WARN_DEPRECATED_OBJC_IMPLEMENTATIONS = YES;
				CLANG_WARN_DIRECT_OBJC_ISA_USAGE = YES_ERROR;
				CLANG_WARN_DOCUMENTATION_COMMENTS = YES;
				CLANG_WARN_EMPTY_BODY = YES;
				CLANG_WARN_ENUM_CONVERSION = YES;
				CLANG_WARN_INFINITE_RECURSION = YES;
				CLANG_WARN_INT_CONVERSION = YES;
				CLANG_WARN_NON_LITERAL_NULL_CONVERSION = YES;
				CLANG_WARN_OBJC_IMPLICIT_RETAIN_SELF = YES;
				CLANG_WARN_OBJC_LITERAL_CONVERSION = YES;
				CLANG_WARN_OBJC_ROOT_CLASS = YES_ERROR;
				CLANG_WARN_QUOTED_INCLUDE_IN_FRAMEWORK_HEADER = YES;
				CLANG_WARN_RANGE_LOOP_ANALYSIS = YES;
				CLANG_WARN_STRICT_PROTOTYPES = YES;
				CLANG_WARN_SUSPICIOUS_MOVE = YES;
				CLANG_WARN_UNGUARDED_AVAILABILITY = YES_AGGRESSIVE;
				CLANG_WARN_UNREACHABLE_CODE = YES;
				CLANG_WARN__DUPLICATE_METHOD_MATCH = YES;
				COPY_PHASE_STRIP = NO;
				DEBUG_INFORMATION_FORMAT = dwarf;
				ENABLE_STRICT_OBJC_MSGSEND = YES;
				ENABLE_TESTABILITY = YES;
				ENABLE_USER_SCRIPT_SANDBOXING = YES;
				GCC_C_LANGUAGE_STANDARD = gnu17;
				GCC_DYNAMIC_NO_PIC = NO;
				GCC_NO_COMMON_BLOCKS = YES;
				GCC_OPTIMIZATION_LEVEL = 0;
				GCC_PREPROCESSOR_DEFINITIONS = (
					"DEBUG=1",
					"$(inherited)",
				);
				GCC_WARN_64_TO_32_BIT_CONVERSION = YES;
				GCC_WARN_ABOUT_RETURN_TYPE = YES_ERROR;
				GCC_WARN_UNDECLARED_SELECTOR = YES;
				GCC_WARN_UNINITIALIZED_AUTOS = YES_AGGRESSIVE;
				GCC_WARN_UNUSED_FUNCTION = YES;
				GCC_WARN_UNUSED_VARIABLE = YES;
				IPHONEOS_DEPLOYMENT_TARGET = 17.0;
				LOCALIZATION_PREFERS_STRING_CATALOGS = YES;
				MTL_ENABLE_DEBUG_INFO = INCLUDE_SOURCE;
				MTL_FAST_MATH = YES;
				ONLY_ACTIVE_ARCH = YES;
				SDKROOT = iphoneos;
				SWIFT_ACTIVE_COMPILATION_CONDITIONS = "DEBUG $(inherited)";
				SWIFT_OPTIMIZATION_LEVEL = "-Onone";
			};
			name = Debug;
		};
		F1E447912CFD6F53007D819E /* Release */ = {
			isa = XCBuildConfiguration;
			buildSettings = {
				ALWAYS_SEARCH_USER_PATHS = NO;
				ASSETCATALOG_COMPILER_GENERATE_SWIFT_ASSET_SYMBOL_EXTENSIONS = YES;
				CLANG_ANALYZER_NONNULL = YES;
				CLANG_ANALYZER_NUMBER_OBJECT_CONVERSION = YES_AGGRESSIVE;
				CLANG_CXX_LANGUAGE_STANDARD = "gnu++20";
				CLANG_ENABLE_MODULES = YES;
				CLANG_ENABLE_OBJC_ARC = YES;
				CLANG_ENABLE_OBJC_WEAK = YES;
				CLANG_WARN_BLOCK_CAPTURE_AUTORELEASING = YES;
				CLANG_WARN_BOOL_CONVERSION = YES;
				CLANG_WARN_COMMA = YES;
				CLANG_WARN_CONSTANT_CONVERSION = YES;
				CLANG_WARN_DEPRECATED_OBJC_IMPLEMENTATIONS = YES;
				CLANG_WARN_DIRECT_OBJC_ISA_USAGE = YES_ERROR;
				CLANG_WARN_DOCUMENTATION_COMMENTS = YES;
				CLANG_WARN_EMPTY_BODY = YES;
				CLANG_WARN_ENUM_CONVERSION = YES;
				CLANG_WARN_INFINITE_RECURSION = YES;
				CLANG_WARN_INT_CONVERSION = YES;
				CLANG_WARN_NON_LITERAL_NULL_CONVERSION = YES;
				CLANG_WARN_OBJC_IMPLICIT_RETAIN_SELF = YES;
				CLANG_WARN_OBJC_LITERAL_CONVERSION = YES;
				CLANG_WARN_OBJC_ROOT_CLASS = YES_ERROR;
				CLANG_WARN_QUOTED_INCLUDE_IN_FRAMEWORK_HEADER = YES;
				CLANG_WARN_RANGE_LOOP_ANALYSIS = YES;
				CLANG_WARN_STRICT_PROTOTYPES = YES;
				CLANG_WARN_SUSPICIOUS_MOVE = YES;
				CLANG_WARN_UNGUARDED_AVAILABILITY = YES_AGGRESSIVE;
				CLANG_WARN_UNREACHABLE_CODE = YES;
				CLANG_WARN__DUPLICATE_METHOD_MATCH = YES;
				COPY_PHASE_STRIP = NO;
				DEBUG_INFORMATION_FORMAT = "dwarf-with-dsym";
				ENABLE_NS_ASSERTIONS = NO;
				ENABLE_STRICT_OBJC_MSGSEND = YES;
				ENABLE_USER_SCRIPT_SANDBOXING = YES;
				GCC_C_LANGUAGE_STANDARD = gnu17;
				GCC_NO_COMMON_BLOCKS = YES;
				GCC_WARN_64_TO_32_BIT_CONVERSION = YES;
				GCC_WARN_ABOUT_RETURN_TYPE = YES_ERROR;
				GCC_WARN_UNDECLARED_SELECTOR = YES;
				GCC_WARN_UNINITIALIZED_AUTOS = YES_AGGRESSIVE;
				GCC_WARN_UNUSED_FUNCTION = YES;
				GCC_WARN_UNUSED_VARIABLE = YES;
				IPHONEOS_DEPLOYMENT_TARGET = 17.0;
				LOCALIZATION_PREFERS_STRING_CATALOGS = YES;
				MTL_ENABLE_DEBUG_INFO = NO;
				MTL_FAST_MATH = YES;
				SDKROOT = iphoneos;
				SWIFT_COMPILATION_MODE = wholemodule;
				VALIDATE_PRODUCT = YES;
			};
			name = Release;
		};
		F1E447932CFD6F53007D819E /* Debug */ = {
			isa = XCBuildConfiguration;
			buildSettings = {
				ASSETCATALOG_COMPILER_APPICON_NAME = AppIcon;
				ASSETCATALOG_COMPILER_GLOBAL_ACCENT_COLOR_NAME = AccentColor;
				CODE_SIGN_STYLE = Manual;
				CURRENT_PROJECT_VERSION = 1;
				DEVELOPMENT_ASSET_PATHS = "\"UberSwiftUI/Preview Content\"";
				DEVELOPMENT_TEAM = "";
				ENABLE_PREVIEWS = YES;
				GENERATE_INFOPLIST_FILE = YES;
				INFOPLIST_KEY_NSLocationWhenInUseUsageDescription = "The map permission is required to get the user current location.";
				INFOPLIST_KEY_UIApplicationSceneManifest_Generation = YES;
				INFOPLIST_KEY_UIApplicationSupportsIndirectInputEvents = YES;
				INFOPLIST_KEY_UILaunchScreen_Generation = YES;
				INFOPLIST_KEY_UISupportedInterfaceOrientations_iPad = "UIInterfaceOrientationPortrait UIInterfaceOrientationPortraitUpsideDown UIInterfaceOrientationLandscapeLeft UIInterfaceOrientationLandscapeRight";
				INFOPLIST_KEY_UISupportedInterfaceOrientations_iPhone = "UIInterfaceOrientationPortrait UIInterfaceOrientationLandscapeLeft UIInterfaceOrientationLandscapeRight";
				LD_RUNPATH_SEARCH_PATHS = (
					"$(inherited)",
					"@executable_path/Frameworks",
				);
				MARKETING_VERSION = 1.0;
				PRODUCT_BUNDLE_IDENTIFIER = com.us.UberSwiftUI;
				PRODUCT_NAME = "$(TARGET_NAME)";
				PROVISIONING_PROFILE_SPECIFIER = "";
				SWIFT_EMIT_LOC_STRINGS = YES;
				SWIFT_VERSION = 5.0;
				TARGETED_DEVICE_FAMILY = "1,2";
			};
			name = Debug;
		};
		F1E447942CFD6F53007D819E /* Release */ = {
			isa = XCBuildConfiguration;
			buildSettings = {
				ASSETCATALOG_COMPILER_APPICON_NAME = AppIcon;
				ASSETCATALOG_COMPILER_GLOBAL_ACCENT_COLOR_NAME = AccentColor;
				CODE_SIGN_STYLE = Manual;
				CURRENT_PROJECT_VERSION = 1;
				DEVELOPMENT_ASSET_PATHS = "\"UberSwiftUI/Preview Content\"";
				DEVELOPMENT_TEAM = "";
				ENABLE_PREVIEWS = YES;
				GENERATE_INFOPLIST_FILE = YES;
				INFOPLIST_KEY_NSLocationWhenInUseUsageDescription = "The map permission is required to get the user current location.";
				INFOPLIST_KEY_UIApplicationSceneManifest_Generation = YES;
				INFOPLIST_KEY_UIApplicationSupportsIndirectInputEvents = YES;
				INFOPLIST_KEY_UILaunchScreen_Generation = YES;
				INFOPLIST_KEY_UISupportedInterfaceOrientations_iPad = "UIInterfaceOrientationPortrait UIInterfaceOrientationPortraitUpsideDown UIInterfaceOrientationLandscapeLeft UIInterfaceOrientationLandscapeRight";
				INFOPLIST_KEY_UISupportedInterfaceOrientations_iPhone = "UIInterfaceOrientationPortrait UIInterfaceOrientationLandscapeLeft UIInterfaceOrientationLandscapeRight";
				LD_RUNPATH_SEARCH_PATHS = (
					"$(inherited)",
					"@executable_path/Frameworks",
				);
				MARKETING_VERSION = 1.0;
				PRODUCT_BUNDLE_IDENTIFIER = com.us.UberSwiftUI;
				PRODUCT_NAME = "$(TARGET_NAME)";
				PROVISIONING_PROFILE_SPECIFIER = "";
				SWIFT_EMIT_LOC_STRINGS = YES;
				SWIFT_VERSION = 5.0;
				TARGETED_DEVICE_FAMILY = "1,2";
			};
			name = Release;
		};
/* End XCBuildConfiguration section */

/* Begin XCConfigurationList section */
		F1E4477F2CFD6F4F007D819E /* Build configuration list for PBXProject "UberSwiftUI" */ = {
			isa = XCConfigurationList;
			buildConfigurations = (
				F1E447902CFD6F53007D819E /* Debug */,
				F1E447912CFD6F53007D819E /* Release */,
			);
			defaultConfigurationIsVisible = 0;
			defaultConfigurationName = Release;
		};
		F1E447922CFD6F53007D819E /* Build configuration list for PBXNativeTarget "UberSwiftUI" */ = {
			isa = XCConfigurationList;
			buildConfigurations = (
				F1E447932CFD6F53007D819E /* Debug */,
				F1E447942CFD6F53007D819E /* Release */,
			);
			defaultConfigurationIsVisible = 0;
			defaultConfigurationName = Release;
		};
/* End XCConfigurationList section */

/* Begin XCRemoteSwiftPackageReference section */
		F18E25962D02DD3D00476CB9 /* XCRemoteSwiftPackageReference "firebase-ios-sdk" */ = {
			isa = XCRemoteSwiftPackageReference;
			repositoryURL = "https://github.com/firebase/firebase-ios-sdk";
			requirement = {
				kind = upToNextMajorVersion;
				minimumVersion = 11.6.0;
			};
		};
/* End XCRemoteSwiftPackageReference section */

/* Begin XCSwiftPackageProductDependency section */
		F18E25972D02DD3D00476CB9 /* FirebaseAnalytics */ = {
			isa = XCSwiftPackageProductDependency;
			package = F18E25962D02DD3D00476CB9 /* XCRemoteSwiftPackageReference "firebase-ios-sdk" */;
			productName = FirebaseAnalytics;
		};
		F18E25992D02DD3D00476CB9 /* FirebaseAnalyticsOnDeviceConversion */ = {
			isa = XCSwiftPackageProductDependency;
			package = F18E25962D02DD3D00476CB9 /* XCRemoteSwiftPackageReference "firebase-ios-sdk" */;
			productName = FirebaseAnalyticsOnDeviceConversion;
		};
		F18E259B2D02DD3D00476CB9 /* FirebaseAnalyticsWithoutAdIdSupport */ = {
			isa = XCSwiftPackageProductDependency;
			package = F18E25962D02DD3D00476CB9 /* XCRemoteSwiftPackageReference "firebase-ios-sdk" */;
			productName = FirebaseAnalyticsWithoutAdIdSupport;
		};
		F18E259D2D02DD3D00476CB9 /* FirebaseAppCheck */ = {
			isa = XCSwiftPackageProductDependency;
			package = F18E25962D02DD3D00476CB9 /* XCRemoteSwiftPackageReference "firebase-ios-sdk" */;
			productName = FirebaseAppCheck;
		};
		F18E259F2D02DD3D00476CB9 /* FirebaseAppDistribution-Beta */ = {
			isa = XCSwiftPackageProductDependency;
			package = F18E25962D02DD3D00476CB9 /* XCRemoteSwiftPackageReference "firebase-ios-sdk" */;
			productName = "FirebaseAppDistribution-Beta";
		};
		F18E25A12D02DD3D00476CB9 /* FirebaseAuth */ = {
			isa = XCSwiftPackageProductDependency;
			package = F18E25962D02DD3D00476CB9 /* XCRemoteSwiftPackageReference "firebase-ios-sdk" */;
			productName = FirebaseAuth;
		};
		F18E25A32D02DD3D00476CB9 /* FirebaseAuthCombine-Community */ = {
			isa = XCSwiftPackageProductDependency;
			package = F18E25962D02DD3D00476CB9 /* XCRemoteSwiftPackageReference "firebase-ios-sdk" */;
			productName = "FirebaseAuthCombine-Community";
		};
		F18E25A52D02DD3D00476CB9 /* FirebaseCore */ = {
			isa = XCSwiftPackageProductDependency;
			package = F18E25962D02DD3D00476CB9 /* XCRemoteSwiftPackageReference "firebase-ios-sdk" */;
			productName = FirebaseCore;
		};
		F18E25A72D02DD3D00476CB9 /* FirebaseCrashlytics */ = {
			isa = XCSwiftPackageProductDependency;
			package = F18E25962D02DD3D00476CB9 /* XCRemoteSwiftPackageReference "firebase-ios-sdk" */;
			productName = FirebaseCrashlytics;
		};
		F18E25A92D02DD3D00476CB9 /* FirebaseDatabase */ = {
			isa = XCSwiftPackageProductDependency;
			package = F18E25962D02DD3D00476CB9 /* XCRemoteSwiftPackageReference "firebase-ios-sdk" */;
			productName = FirebaseDatabase;
		};
		F18E25AB2D02DD3D00476CB9 /* FirebaseDynamicLinks */ = {
			isa = XCSwiftPackageProductDependency;
			package = F18E25962D02DD3D00476CB9 /* XCRemoteSwiftPackageReference "firebase-ios-sdk" */;
			productName = FirebaseDynamicLinks;
		};
		F18E25AD2D02DD3D00476CB9 /* FirebaseFirestore */ = {
			isa = XCSwiftPackageProductDependency;
			package = F18E25962D02DD3D00476CB9 /* XCRemoteSwiftPackageReference "firebase-ios-sdk" */;
			productName = FirebaseFirestore;
		};
		F18E25AF2D02DD3D00476CB9 /* FirebaseFirestoreCombine-Community */ = {
			isa = XCSwiftPackageProductDependency;
			package = F18E25962D02DD3D00476CB9 /* XCRemoteSwiftPackageReference "firebase-ios-sdk" */;
			productName = "FirebaseFirestoreCombine-Community";
		};
		F18E25B12D02DD3D00476CB9 /* FirebaseFunctions */ = {
			isa = XCSwiftPackageProductDependency;
			package = F18E25962D02DD3D00476CB9 /* XCRemoteSwiftPackageReference "firebase-ios-sdk" */;
			productName = FirebaseFunctions;
		};
		F18E25B32D02DD3D00476CB9 /* FirebaseFunctionsCombine-Community */ = {
			isa = XCSwiftPackageProductDependency;
			package = F18E25962D02DD3D00476CB9 /* XCRemoteSwiftPackageReference "firebase-ios-sdk" */;
			productName = "FirebaseFunctionsCombine-Community";
		};
		F18E25B52D02DD3D00476CB9 /* FirebaseInAppMessaging-Beta */ = {
			isa = XCSwiftPackageProductDependency;
			package = F18E25962D02DD3D00476CB9 /* XCRemoteSwiftPackageReference "firebase-ios-sdk" */;
			productName = "FirebaseInAppMessaging-Beta";
		};
		F18E25B72D02DD3D00476CB9 /* FirebaseInstallations */ = {
			isa = XCSwiftPackageProductDependency;
			package = F18E25962D02DD3D00476CB9 /* XCRemoteSwiftPackageReference "firebase-ios-sdk" */;
			productName = FirebaseInstallations;
		};
		F18E25B92D02DD3D00476CB9 /* FirebaseMLModelDownloader */ = {
			isa = XCSwiftPackageProductDependency;
			package = F18E25962D02DD3D00476CB9 /* XCRemoteSwiftPackageReference "firebase-ios-sdk" */;
			productName = FirebaseMLModelDownloader;
		};
		F18E25BB2D02DD3D00476CB9 /* FirebaseMessaging */ = {
			isa = XCSwiftPackageProductDependency;
			package = F18E25962D02DD3D00476CB9 /* XCRemoteSwiftPackageReference "firebase-ios-sdk" */;
			productName = FirebaseMessaging;
		};
		F18E25BD2D02DD3D00476CB9 /* FirebasePerformance */ = {
			isa = XCSwiftPackageProductDependency;
			package = F18E25962D02DD3D00476CB9 /* XCRemoteSwiftPackageReference "firebase-ios-sdk" */;
			productName = FirebasePerformance;
		};
		F18E25BF2D02DD3D00476CB9 /* FirebaseRemoteConfig */ = {
			isa = XCSwiftPackageProductDependency;
			package = F18E25962D02DD3D00476CB9 /* XCRemoteSwiftPackageReference "firebase-ios-sdk" */;
			productName = FirebaseRemoteConfig;
		};
		F18E25C12D02DD3D00476CB9 /* FirebaseStorage */ = {
			isa = XCSwiftPackageProductDependency;
			package = F18E25962D02DD3D00476CB9 /* XCRemoteSwiftPackageReference "firebase-ios-sdk" */;
			productName = FirebaseStorage;
		};
		F18E25C32D02DD3D00476CB9 /* FirebaseStorageCombine-Community */ = {
			isa = XCSwiftPackageProductDependency;
			package = F18E25962D02DD3D00476CB9 /* XCRemoteSwiftPackageReference "firebase-ios-sdk" */;
			productName = "FirebaseStorageCombine-Community";
		};
		F18E25C52D02DD3D00476CB9 /* FirebaseVertexAI */ = {
			isa = XCSwiftPackageProductDependency;
			package = F18E25962D02DD3D00476CB9 /* XCRemoteSwiftPackageReference "firebase-ios-sdk" */;
			productName = FirebaseVertexAI;
		};
/* End XCSwiftPackageProductDependency section */
	};
	rootObject = F1E4477C2CFD6F4F007D819E /* Project object */;
}
